
Microsoft Visual Studio Solution File, Format Version 12.00
# Visual Studio Version 17
VisualStudioVersion = 17.5.33530.505
MinimumVisualStudioVersion = 10.0.40219.1
Project("{8BC9CEB8-8B4A-11D0-8D11-00A0C91BC942}") = "139Recursividad5", "139Recursividad5\139Recursividad5.vcxproj", "{E96E92E2-AA5F-4BE1-9BC1-022E33742C66}"
EndProject
Global
	GlobalSection(SolutionConfigurationPlatforms) = preSolution
		Debug|x64 = Debug|x64
		Debug|x86 = Debug|x86
		Release|x64 = Release|x64
		Release|x86 = Release|x86
	EndGlobalSection
	GlobalSection(ProjectConfigurationPlatforms) = postSolution
		{E96E92E2-AA5F-4BE1-9BC1-022E33742C66}.Debug|x64.ActiveCfg = Debug|x64
		{E96E92E2-AA5F-4BE1-9BC1-022E33742C66}.Debug|x64.Build.0 = Debug|x64
		{E96E92E2-AA5F-4BE1-9BC1-022E33742C66}.Debug|x86.ActiveCfg = Debug|Win32
		{E96E92E2-AA5F-4BE1-9BC1-022E33742C66}.Debug|x86.Build.0 = Debug|Win32
		{E96E92E2-AA5F-4BE1-9BC1-022E33742C66}.Release|x64.ActiveCfg = Release|x64
		{E96E92E2-AA5F-4BE1-9BC1-022E33742C66}.Release|x64.Build.0 = Release|x64
		{E96E92E2-AA5F-4BE1-9BC1-022E33742C66}.Release|x86.ActiveCfg = Release|Win32
		{E96E92E2-AA5F-4BE1-9BC1-022E33742C66}.Release|x86.Build.0 = Release|Win32
	EndGlobalSection
	GlobalSection(SolutionProperties) = preSolution
		HideSolutionNode = FALSE
	EndGlobalSection
	GlobalSection(ExtensibilityGlobals) = postSolution
		SolutionGuid = {BAF349EA-C78F-4753-ABF3-0DDD16E8D91D}
	EndGlobalSection
EndGlobal
