
Microsoft Visual Studio Solution File, Format Version 12.00
# Visual Studio Version 17
VisualStudioVersion = 17.5.33530.505
MinimumVisualStudioVersion = 10.0.40219.1
Project("{8BC9CEB8-8B4A-11D0-8D11-00A0C91BC942}") = "140Recursividad6", "140Recursividad6\140Recursividad6.vcxproj", "{5580254E-45BB-4C8D-9C8F-B3EC61141CE8}"
EndProject
Global
	GlobalSection(SolutionConfigurationPlatforms) = preSolution
		Debug|x64 = Debug|x64
		Debug|x86 = Debug|x86
		Release|x64 = Release|x64
		Release|x86 = Release|x86
	EndGlobalSection
	GlobalSection(ProjectConfigurationPlatforms) = postSolution
		{5580254E-45BB-4C8D-9C8F-B3EC61141CE8}.Debug|x64.ActiveCfg = Debug|x64
		{5580254E-45BB-4C8D-9C8F-B3EC61141CE8}.Debug|x64.Build.0 = Debug|x64
		{5580254E-45BB-4C8D-9C8F-B3EC61141CE8}.Debug|x86.ActiveCfg = Debug|Win32
		{5580254E-45BB-4C8D-9C8F-B3EC61141CE8}.Debug|x86.Build.0 = Debug|Win32
		{5580254E-45BB-4C8D-9C8F-B3EC61141CE8}.Release|x64.ActiveCfg = Release|x64
		{5580254E-45BB-4C8D-9C8F-B3EC61141CE8}.Release|x64.Build.0 = Release|x64
		{5580254E-45BB-4C8D-9C8F-B3EC61141CE8}.Release|x86.ActiveCfg = Release|Win32
		{5580254E-45BB-4C8D-9C8F-B3EC61141CE8}.Release|x86.Build.0 = Release|Win32
	EndGlobalSection
	GlobalSection(SolutionProperties) = preSolution
		HideSolutionNode = FALSE
	EndGlobalSection
	GlobalSection(ExtensibilityGlobals) = postSolution
		SolutionGuid = {A1734F69-9C2C-4270-A014-968329034C4D}
	EndGlobalSection
EndGlobal
