
Microsoft Visual Studio Solution File, Format Version 12.00
# Visual Studio Version 17
VisualStudioVersion = 17.5.33530.505
MinimumVisualStudioVersion = 10.0.40219.1
Project("{8BC9CEB8-8B4A-11D0-8D11-00A0C91BC942}") = "121ObjetosDinamicos1", "121ObjetosDinamicos1\121ObjetosDinamicos1.vcxproj", "{3EF316A6-B700-4569-B106-7D7456A3CCBE}"
EndProject
Global
	GlobalSection(SolutionConfigurationPlatforms) = preSolution
		Debug|x64 = Debug|x64
		Debug|x86 = Debug|x86
		Release|x64 = Release|x64
		Release|x86 = Release|x86
	EndGlobalSection
	GlobalSection(ProjectConfigurationPlatforms) = postSolution
		{3EF316A6-B700-4569-B106-7D7456A3CCBE}.Debug|x64.ActiveCfg = Debug|x64
		{3EF316A6-B700-4569-B106-7D7456A3CCBE}.Debug|x64.Build.0 = Debug|x64
		{3EF316A6-B700-4569-B106-7D7456A3CCBE}.Debug|x86.ActiveCfg = Debug|Win32
		{3EF316A6-B700-4569-B106-7D7456A3CCBE}.Debug|x86.Build.0 = Debug|Win32
		{3EF316A6-B700-4569-B106-7D7456A3CCBE}.Release|x64.ActiveCfg = Release|x64
		{3EF316A6-B700-4569-B106-7D7456A3CCBE}.Release|x64.Build.0 = Release|x64
		{3EF316A6-B700-4569-B106-7D7456A3CCBE}.Release|x86.ActiveCfg = Release|Win32
		{3EF316A6-B700-4569-B106-7D7456A3CCBE}.Release|x86.Build.0 = Release|Win32
	EndGlobalSection
	GlobalSection(SolutionProperties) = preSolution
		HideSolutionNode = FALSE
	EndGlobalSection
	GlobalSection(ExtensibilityGlobals) = postSolution
		SolutionGuid = {04F09631-A95E-4C6B-8B66-B295B5C4CAFB}
	EndGlobalSection
EndGlobal
