
Microsoft Visual Studio Solution File, Format Version 12.00
# Visual Studio Version 17
VisualStudioVersion = 17.5.33530.505
MinimumVisualStudioVersion = 10.0.40219.1
Project("{8BC9CEB8-8B4A-11D0-8D11-00A0C91BC942}") = "83VectorOrdenamiento2", "83VectorOrdenamiento2\83VectorOrdenamiento2.vcxproj", "{66B1F183-CBA7-4DC1-9E1A-18EF4306709C}"
EndProject
Global
	GlobalSection(SolutionConfigurationPlatforms) = preSolution
		Debug|x64 = Debug|x64
		Debug|x86 = Debug|x86
		Release|x64 = Release|x64
		Release|x86 = Release|x86
	EndGlobalSection
	GlobalSection(ProjectConfigurationPlatforms) = postSolution
		{66B1F183-CBA7-4DC1-9E1A-18EF4306709C}.Debug|x64.ActiveCfg = Debug|x64
		{66B1F183-CBA7-4DC1-9E1A-18EF4306709C}.Debug|x64.Build.0 = Debug|x64
		{66B1F183-CBA7-4DC1-9E1A-18EF4306709C}.Debug|x86.ActiveCfg = Debug|Win32
		{66B1F183-CBA7-4DC1-9E1A-18EF4306709C}.Debug|x86.Build.0 = Debug|Win32
		{66B1F183-CBA7-4DC1-9E1A-18EF4306709C}.Release|x64.ActiveCfg = Release|x64
		{66B1F183-CBA7-4DC1-9E1A-18EF4306709C}.Release|x64.Build.0 = Release|x64
		{66B1F183-CBA7-4DC1-9E1A-18EF4306709C}.Release|x86.ActiveCfg = Release|Win32
		{66B1F183-CBA7-4DC1-9E1A-18EF4306709C}.Release|x86.Build.0 = Release|Win32
	EndGlobalSection
	GlobalSection(SolutionProperties) = preSolution
		HideSolutionNode = FALSE
	EndGlobalSection
	GlobalSection(ExtensibilityGlobals) = postSolution
		SolutionGuid = {83A9E575-8D65-4572-A6BF-C944E6576450}
	EndGlobalSection
EndGlobal
