
Microsoft Visual Studio Solution File, Format Version 12.00
# Visual Studio Version 17
VisualStudioVersion = 17.5.33530.505
MinimumVisualStudioVersion = 10.0.40219.1
Project("{8BC9CEB8-8B4A-11D0-8D11-00A0C91BC942}") = "174Clasestring11", "174Clasestring11\174Clasestring11.vcxproj", "{550C0812-2AD2-4889-B052-A38E28B433AE}"
EndProject
Global
	GlobalSection(SolutionConfigurationPlatforms) = preSolution
		Debug|x64 = Debug|x64
		Debug|x86 = Debug|x86
		Release|x64 = Release|x64
		Release|x86 = Release|x86
	EndGlobalSection
	GlobalSection(ProjectConfigurationPlatforms) = postSolution
		{550C0812-2AD2-4889-B052-A38E28B433AE}.Debug|x64.ActiveCfg = Debug|x64
		{550C0812-2AD2-4889-B052-A38E28B433AE}.Debug|x64.Build.0 = Debug|x64
		{550C0812-2AD2-4889-B052-A38E28B433AE}.Debug|x86.ActiveCfg = Debug|Win32
		{550C0812-2AD2-4889-B052-A38E28B433AE}.Debug|x86.Build.0 = Debug|Win32
		{550C0812-2AD2-4889-B052-A38E28B433AE}.Release|x64.ActiveCfg = Release|x64
		{550C0812-2AD2-4889-B052-A38E28B433AE}.Release|x64.Build.0 = Release|x64
		{550C0812-2AD2-4889-B052-A38E28B433AE}.Release|x86.ActiveCfg = Release|Win32
		{550C0812-2AD2-4889-B052-A38E28B433AE}.Release|x86.Build.0 = Release|Win32
	EndGlobalSection
	GlobalSection(SolutionProperties) = preSolution
		HideSolutionNode = FALSE
	EndGlobalSection
	GlobalSection(ExtensibilityGlobals) = postSolution
		SolutionGuid = {E9C61D78-09E7-4970-90E0-43346FBD63BD}
	EndGlobalSection
EndGlobal
