
Microsoft Visual Studio Solution File, Format Version 12.00
# Visual Studio Version 17
VisualStudioVersion = 17.5.33530.505
MinimumVisualStudioVersion = 10.0.40219.1
Project("{8BC9CEB8-8B4A-11D0-8D11-00A0C91BC942}") = "81VectoresMenor", "81VectoresMenor\81VectoresMenor.vcxproj", "{E6587A59-0D01-45F4-A690-9725DA39489F}"
EndProject
Global
	GlobalSection(SolutionConfigurationPlatforms) = preSolution
		Debug|x64 = Debug|x64
		Debug|x86 = Debug|x86
		Release|x64 = Release|x64
		Release|x86 = Release|x86
	EndGlobalSection
	GlobalSection(ProjectConfigurationPlatforms) = postSolution
		{E6587A59-0D01-45F4-A690-9725DA39489F}.Debug|x64.ActiveCfg = Debug|x64
		{E6587A59-0D01-45F4-A690-9725DA39489F}.Debug|x64.Build.0 = Debug|x64
		{E6587A59-0D01-45F4-A690-9725DA39489F}.Debug|x86.ActiveCfg = Debug|Win32
		{E6587A59-0D01-45F4-A690-9725DA39489F}.Debug|x86.Build.0 = Debug|Win32
		{E6587A59-0D01-45F4-A690-9725DA39489F}.Release|x64.ActiveCfg = Release|x64
		{E6587A59-0D01-45F4-A690-9725DA39489F}.Release|x64.Build.0 = Release|x64
		{E6587A59-0D01-45F4-A690-9725DA39489F}.Release|x86.ActiveCfg = Release|Win32
		{E6587A59-0D01-45F4-A690-9725DA39489F}.Release|x86.Build.0 = Release|Win32
	EndGlobalSection
	GlobalSection(SolutionProperties) = preSolution
		HideSolutionNode = FALSE
	EndGlobalSection
	GlobalSection(ExtensibilityGlobals) = postSolution
		SolutionGuid = {56A11757-B47C-487F-9532-52165A276410}
	EndGlobalSection
EndGlobal
